// !$*UTF8*$!
{
	archiveVersion = 1;
	classes = {
	};
	objectVersion = 55;
	objects = {

/* Begin PBXBuildFile section */
		C2956D47271B128C0052BDE6 /* WorldClockView.swift in Sources */ = {isa = PBXBuildFile; fileRef = C2956D46271B128C0052BDE6 /* WorldClockView.swift */; };
		C2956D4B271B12F30052BDE6 /* RoundedClocks.swift in Sources */ = {isa = PBXBuildFile; fileRef = C2956D4A271B12F30052BDE6 /* RoundedClocks.swift */; };
		C2956DE1271B1A870052BDE6 /* SwiftClockUI in Frameworks */ = {isa = PBXBuildFile; productRef = C2956DE0271B1A870052BDE6 /* SwiftClockUI */; };
		C2AB2B77271A365600B7235A /* ClockApp.swift in Sources */ = {isa = PBXBuildFile; fileRef = C2AB2B76271A365600B7235A /* ClockApp.swift */; };
		C2AB2B79271A365600B7235A /* ContentView.swift in Sources */ = {isa = PBXBuildFile; fileRef = C2AB2B78271A365600B7235A /* ContentView.swift */; };
		C2AB2B7B271A365700B7235A /* Assets.xcassets in Resources */ = {isa = PBXBuildFile; fileRef = C2AB2B7A271A365700B7235A /* Assets.xcassets */; };
		C2AB2B7E271A365700B7235A /* Preview Assets.xcassets in Resources */ = {isa = PBXBuildFile; fileRef = C2AB2B7D271A365700B7235A /* Preview Assets.xcassets */; };
		C2AB2B89271A369A00B7235A /* CurrentDateTimeHeader.swift in Sources */ = {isa = PBXBuildFile; fileRef = C2AB2B88271A369A00B7235A /* CurrentDateTimeHeader.swift */; };
		C2AB2B8B271A390B00B7235A /* Time.swift in Sources */ = {isa = PBXBuildFile; fileRef = C2AB2B8A271A390B00B7235A /* Time.swift */; };
		C2AB2B8D271A39BA00B7235A /* Date+Extensions.swift in Sources */ = {isa = PBXBuildFile; fileRef = C2AB2B8C271A39BA00B7235A /* Date+Extensions.swift */; };
		C2AB2B8F271A461200B7235A /* SidebarView.swift in Sources */ = {isa = PBXBuildFile; fileRef = C2AB2B8E271A461200B7235A /* SidebarView.swift */; };
		C2AB2B92271A496600B7235A /* StopwatchView.swift in Sources */ = {isa = PBXBuildFile; fileRef = C2AB2B91271A496600B7235A /* StopwatchView.swift */; };
		C2AB2B94271A4C4700B7235A /* StopWatchButton.swift in Sources */ = {isa = PBXBuildFile; fileRef = C2AB2B93271A4C4700B7235A /* StopWatchButton.swift */; };
		C2AB2B96271A4CD500B7235A /* StopwatchViewController.swift in Sources */ = {isa = PBXBuildFile; fileRef = C2AB2B95271A4CD500B7235A /* StopwatchViewController.swift */; };
		C2AB2B98271A50A700B7235A /* LapModel.swift in Sources */ = {isa = PBXBuildFile; fileRef = C2AB2B97271A50A700B7235A /* LapModel.swift */; };
		C2AB2B9B271A513200B7235A /* LaplineView.swift in Sources */ = {isa = PBXBuildFile; fileRef = C2AB2B9A271A513200B7235A /* LaplineView.swift */; };
		C2AB2B9F271A608900B7235A /* TimerViewController.swift in Sources */ = {isa = PBXBuildFile; fileRef = C2AB2B9E271A608900B7235A /* TimerViewController.swift */; };
		C2AB2BA2271A610E00B7235A /* TimerView.swift in Sources */ = {isa = PBXBuildFile; fileRef = C2AB2BA1271A610E00B7235A /* TimerView.swift */; };
/* End PBXBuildFile section */

/* Begin PBXFileReference section */
		C2956D46271B128C0052BDE6 /* WorldClockView.swift */ = {isa = PBXFileReference; lastKnownFileType = sourcecode.swift; path = WorldClockView.swift; sourceTree = "<group>"; };
		C2956D4A271B12F30052BDE6 /* RoundedClocks.swift */ = {isa = PBXFileReference; lastKnownFileType = sourcecode.swift; path = RoundedClocks.swift; sourceTree = "<group>"; };
		C2AB2B73271A365600B7235A /* Clock.app */ = {isa = PBXFileReference; explicitFileType = wrapper.application; includeInIndex = 0; path = Clock.app; sourceTree = BUILT_PRODUCTS_DIR; };
		C2AB2B76271A365600B7235A /* ClockApp.swift */ = {isa = PBXFileReference; lastKnownFileType = sourcecode.swift; path = ClockApp.swift; sourceTree = "<group>"; };
		C2AB2B78271A365600B7235A /* ContentView.swift */ = {isa = PBXFileReference; lastKnownFileType = sourcecode.swift; path = ContentView.swift; sourceTree = "<group>"; };
		C2AB2B7A271A365700B7235A /* Assets.xcassets */ = {isa = PBXFileReference; lastKnownFileType = folder.assetcatalog; path = Assets.xcassets; sourceTree = "<group>"; };
		C2AB2B7D271A365700B7235A /* Preview Assets.xcassets */ = {isa = PBXFileReference; lastKnownFileType = folder.assetcatalog; path = "Preview Assets.xcassets"; sourceTree = "<group>"; };
		C2AB2B7F271A365700B7235A /* Clock.entitlements */ = {isa = PBXFileReference; lastKnownFileType = text.plist.entitlements; path = Clock.entitlements; sourceTree = "<group>"; };
		C2AB2B88271A369A00B7235A /* CurrentDateTimeHeader.swift */ = {isa = PBXFileReference; lastKnownFileType = sourcecode.swift; path = CurrentDateTimeHeader.swift; sourceTree = "<group>"; };
		C2AB2B8A271A390B00B7235A /* Time.swift */ = {isa = PBXFileReference; lastKnownFileType = sourcecode.swift; path = Time.swift; sourceTree = "<group>"; };
		C2AB2B8C271A39BA00B7235A /* Date+Extensions.swift */ = {isa = PBXFileReference; lastKnownFileType = sourcecode.swift; path = "Date+Extensions.swift"; sourceTree = "<group>"; };
		C2AB2B8E271A461200B7235A /* SidebarView.swift */ = {isa = PBXFileReference; lastKnownFileType = sourcecode.swift; path = SidebarView.swift; sourceTree = "<group>"; };
		C2AB2B91271A496600B7235A /* StopwatchView.swift */ = {isa = PBXFileReference; lastKnownFileType = sourcecode.swift; path = StopwatchView.swift; sourceTree = "<group>"; };
		C2AB2B93271A4C4700B7235A /* StopWatchButton.swift */ = {isa = PBXFileReference; lastKnownFileType = sourcecode.swift; path = StopWatchButton.swift; sourceTree = "<group>"; };
		C2AB2B95271A4CD500B7235A /* StopwatchViewController.swift */ = {isa = PBXFileReference; lastKnownFileType = sourcecode.swift; path = StopwatchViewController.swift; sourceTree = "<group>"; };
		C2AB2B97271A50A700B7235A /* LapModel.swift */ = {isa = PBXFileReference; lastKnownFileType = sourcecode.swift; path = LapModel.swift; sourceTree = "<group>"; };
		C2AB2B9A271A513200B7235A /* LaplineView.swift */ = {isa = PBXFileReference; lastKnownFileType = sourcecode.swift; path = LaplineView.swift; sourceTree = "<group>"; };
		C2AB2B9E271A608900B7235A /* TimerViewController.swift */ = {isa = PBXFileReference; lastKnownFileType = sourcecode.swift; path = TimerViewController.swift; sourceTree = "<group>"; };
		C2AB2BA1271A610E00B7235A /* TimerView.swift */ = {isa = PBXFileReference; lastKnownFileType = sourcecode.swift; path = TimerView.swift; sourceTree = "<group>"; };
/* End PBXFileReference section */

/* Begin PBXFrameworksBuildPhase section */
		C2AB2B70271A365600B7235A /* Frameworks */ = {
			isa = PBXFrameworksBuildPhase;
			buildActionMask = 2147483647;
			files = (
				C2956DE1271B1A870052BDE6 /* SwiftClockUI in Frameworks */,
			);
			runOnlyForDeploymentPostprocessing = 0;
		};
/* End PBXFrameworksBuildPhase section */

/* Begin PBXGroup section */
		C2956D45271B12780052BDE6 /* WorldClock */ = {
			isa = PBXGroup;
			children = (
				C2956D46271B128C0052BDE6 /* WorldClockView.swift */,
				C2956D49271B12C20052BDE6 /* SubViews */,
			);
			path = WorldClock;
			sourceTree = "<group>";
		};
		C2956D48271B12B80052BDE6 /* SubViews */ = {
			isa = PBXGroup;
			children = (
				C2AB2B93271A4C4700B7235A /* StopWatchButton.swift */,
				C2AB2B9A271A513200B7235A /* LaplineView.swift */,
			);
			path = SubViews;
			sourceTree = "<group>";
		};
		C2956D49271B12C20052BDE6 /* SubViews */ = {
			isa = PBXGroup;
			children = (
				C2956D4A271B12F30052BDE6 /* RoundedClocks.swift */,
				C2AB2B88271A369A00B7235A /* CurrentDateTimeHeader.swift */,
			);
			path = SubViews;
			sourceTree = "<group>";
		};
		C2AB2B6A271A365600B7235A = {
			isa = PBXGroup;
			children = (
				C2AB2B75271A365600B7235A /* Clock */,
				C2AB2B74271A365600B7235A /* Products */,
			);
			sourceTree = "<group>";
		};
		C2AB2B74271A365600B7235A /* Products */ = {
			isa = PBXGroup;
			children = (
				C2AB2B73271A365600B7235A /* Clock.app */,
			);
			name = Products;
			sourceTree = "<group>";
		};
		C2AB2B75271A365600B7235A /* Clock */ = {
			isa = PBXGroup;
			children = (
				C2AB2B76271A365600B7235A /* ClockApp.swift */,
				C2AB2B78271A365600B7235A /* ContentView.swift */,
				C2AB2B87271A368B00B7235A /* View */,
				C2AB2B86271A368600B7235A /* ViewModel */,
				C2AB2B85271A368200B7235A /* Model */,
				C2AB2B99271A510A00B7235A /* Extensions */,
				C2AB2B7A271A365700B7235A /* Assets.xcassets */,
				C2AB2B7F271A365700B7235A /* Clock.entitlements */,
				C2AB2B7C271A365700B7235A /* Preview Content */,
			);
			path = Clock;
			sourceTree = "<group>";
		};
		C2AB2B7C271A365700B7235A /* Preview Content */ = {
			isa = PBXGroup;
			children = (
				C2AB2B7D271A365700B7235A /* Preview Assets.xcassets */,
			);
			path = "Preview Content";
			sourceTree = "<group>";
		};
		C2AB2B85271A368200B7235A /* Model */ = {
			isa = PBXGroup;
			children = (
				C2AB2B97271A50A700B7235A /* LapModel.swift */,
			);
			path = Model;
			sourceTree = "<group>";
		};
		C2AB2B86271A368600B7235A /* ViewModel */ = {
			isa = PBXGroup;
			children = (
				C2AB2B95271A4CD500B7235A /* StopwatchViewController.swift */,
				C2AB2B9E271A608900B7235A /* TimerViewController.swift */,
				C2AB2B8A271A390B00B7235A /* Time.swift */,
			);
			path = ViewModel;
			sourceTree = "<group>";
		};
		C2AB2B87271A368B00B7235A /* View */ = {
			isa = PBXGroup;
			children = (
				C2AB2B8E271A461200B7235A /* SidebarView.swift */,
				C2956D45271B12780052BDE6 /* WorldClock */,
				C2AB2BA0271A610400B7235A /* Timer */,
				C2AB2B90271A495000B7235A /* Stopwatch */,
			);
			path = View;
			sourceTree = "<group>";
		};
		C2AB2B90271A495000B7235A /* Stopwatch */ = {
			isa = PBXGroup;
			children = (
				C2AB2B91271A496600B7235A /* StopwatchView.swift */,
				C2956D48271B12B80052BDE6 /* SubViews */,
			);
			path = Stopwatch;
			sourceTree = "<group>";
		};
		C2AB2B99271A510A00B7235A /* Extensions */ = {
			isa = PBXGroup;
			children = (
				C2AB2B8C271A39BA00B7235A /* Date+Extensions.swift */,
			);
			path = Extensions;
			sourceTree = "<group>";
		};
		C2AB2BA0271A610400B7235A /* Timer */ = {
			isa = PBXGroup;
			children = (
				C2AB2BA1271A610E00B7235A /* TimerView.swift */,
			);
			path = Timer;
			sourceTree = "<group>";
		};
/* End PBXGroup section */

/* Begin PBXNativeTarget section */
		C2AB2B72271A365600B7235A /* Clock */ = {
			isa = PBXNativeTarget;
			buildConfigurationList = C2AB2B82271A365700B7235A /* Build configuration list for PBXNativeTarget "Clock" */;
			buildPhases = (
				C2AB2B6F271A365600B7235A /* Sources */,
				C2AB2B70271A365600B7235A /* Frameworks */,
				C2AB2B71271A365600B7235A /* Resources */,
			);
			buildRules = (
			);
			dependencies = (
			);
			name = Clock;
			packageProductDependencies = (
				C2956DE0271B1A870052BDE6 /* SwiftClockUI */,
			);
			productName = Clock;
			productReference = C2AB2B73271A365600B7235A /* Clock.app */;
			productType = "com.apple.product-type.application";
		};
/* End PBXNativeTarget section */

/* Begin PBXProject section */
		C2AB2B6B271A365600B7235A /* Project object */ = {
			isa = PBXProject;
			attributes = {
				BuildIndependentTargetsInParallel = 1;
				LastSwiftUpdateCheck = 1300;
				LastUpgradeCheck = 1300;
				TargetAttributes = {
					C2AB2B72271A365600B7235A = {
						CreatedOnToolsVersion = 13.0;
					};
				};
			};
			buildConfigurationList = C2AB2B6E271A365600B7235A /* Build configuration list for PBXProject "Clock" */;
			compatibilityVersion = "Xcode 13.0";
			developmentRegion = en;
			hasScannedForEncodings = 0;
			knownRegions = (
				en,
				Base,
			);
			mainGroup = C2AB2B6A271A365600B7235A;
			packageReferences = (
				C2956DDF271B1A870052BDE6 /* XCRemoteSwiftPackageReference "SwiftClockUI" */,
			);
			productRefGroup = C2AB2B74271A365600B7235A /* Products */;
			projectDirPath = "";
			projectRoot = "";
			targets = (
				C2AB2B72271A365600B7235A /* Clock */,
			);
		};
/* End PBXProject section */

/* Begin PBXResourcesBuildPhase section */
		C2AB2B71271A365600B7235A /* Resources */ = {
			isa = PBXResourcesBuildPhase;
			buildActionMask = 2147483647;
			files = (
				C2AB2B7E271A365700B7235A /* Preview Assets.xcassets in Resources */,
				C2AB2B7B271A365700B7235A /* Assets.xcassets in Resources */,
			);
			runOnlyForDeploymentPostprocessing = 0;
		};
/* End PBXResourcesBuildPhase section */

/* Begin PBXSourcesBuildPhase section */
		C2AB2B6F271A365600B7235A /* Sources */ = {
			isa = PBXSourcesBuildPhase;
			buildActionMask = 2147483647;
			files = (
				C2AB2B79271A365600B7235A /* ContentView.swift in Sources */,
				C2AB2B98271A50A700B7235A /* LapModel.swift in Sources */,
				C2956D4B271B12F30052BDE6 /* RoundedClocks.swift in Sources */,
				C2AB2B94271A4C4700B7235A /* StopWatchButton.swift in Sources */,
				C2AB2B89271A369A00B7235A /* CurrentDateTimeHeader.swift in Sources */,
				C2AB2B9F271A608900B7235A /* TimerViewController.swift in Sources */,
				C2AB2BA2271A610E00B7235A /* TimerView.swift in Sources */,
				C2AB2B9B271A513200B7235A /* LaplineView.swift in Sources */,
				C2AB2B96271A4CD500B7235A /* StopwatchViewController.swift in Sources */,
				C2AB2B8B271A390B00B7235A /* Time.swift in Sources */,
				C2AB2B8F271A461200B7235A /* SidebarView.swift in Sources */,
				C2AB2B8D271A39BA00B7235A /* Date+Extensions.swift in Sources */,
				C2AB2B92271A496600B7235A /* StopwatchView.swift in Sources */,
				C2956D47271B128C0052BDE6 /* WorldClockView.swift in Sources */,
				C2AB2B77271A365600B7235A /* ClockApp.swift in Sources */,
			);
			runOnlyForDeploymentPostprocessing = 0;
		};
/* End PBXSourcesBuildPhase section */

/* Begin XCBuildConfiguration section */
		C2AB2B80271A365700B7235A /* Debug */ = {
			isa = XCBuildConfiguration;
			buildSettings = {
				ALWAYS_SEARCH_USER_PATHS = NO;
				CLANG_ANALYZER_NONNULL = YES;
				CLANG_ANALYZER_NUMBER_OBJECT_CONVERSION = YES_AGGRESSIVE;
				CLANG_CXX_LANGUAGE_STANDARD = "gnu++17";
				CLANG_CXX_LIBRARY = "libc++";
				CLANG_ENABLE_MODULES = YES;
				CLANG_ENABLE_OBJC_ARC = YES;
				CLANG_ENABLE_OBJC_WEAK = YES;
				CLANG_WARN_BLOCK_CAPTURE_AUTORELEASING = YES;
				CLANG_WARN_BOOL_CONVERSION = YES;
				CLANG_WARN_COMMA = YES;
				CLANG_WARN_CONSTANT_CONVERSION = YES;
				CLANG_WARN_DEPRECATED_OBJC_IMPLEMENTATIONS = YES;
				CLANG_WARN_DIRECT_OBJC_ISA_USAGE = YES_ERROR;
				CLANG_WARN_DOCUMENTATION_COMMENTS = YES;
				CLANG_WARN_EMPTY_BODY = YES;
				CLANG_WARN_ENUM_CONVERSION = YES;
				CLANG_WARN_INFINITE_RECURSION = YES;
				CLANG_WARN_INT_CONVERSION = YES;
				CLANG_WARN_NON_LITERAL_NULL_CONVERSION = YES;
				CLANG_WARN_OBJC_IMPLICIT_RETAIN_SELF = YES;
				CLANG_WARN_OBJC_LITERAL_CONVERSION = YES;
				CLANG_WARN_OBJC_ROOT_CLASS = YES_ERROR;
				CLANG_WARN_QUOTED_INCLUDE_IN_FRAMEWORK_HEADER = YES;
				CLANG_WARN_RANGE_LOOP_ANALYSIS = YES;
				CLANG_WARN_STRICT_PROTOTYPES = YES;
				CLANG_WARN_SUSPICIOUS_MOVE = YES;
				CLANG_WARN_UNGUARDED_AVAILABILITY = YES_AGGRESSIVE;
				CLANG_WARN_UNREACHABLE_CODE = YES;
				CLANG_WARN__DUPLICATE_METHOD_MATCH = YES;
				COPY_PHASE_STRIP = NO;
				DEBUG_INFORMATION_FORMAT = dwarf;
				ENABLE_STRICT_OBJC_MSGSEND = YES;
				ENABLE_TESTABILITY = YES;
				GCC_C_LANGUAGE_STANDARD = gnu11;
				GCC_DYNAMIC_NO_PIC = NO;
				GCC_NO_COMMON_BLOCKS = YES;
				GCC_OPTIMIZATION_LEVEL = 0;
				GCC_PREPROCESSOR_DEFINITIONS = (
					"DEBUG=1",
					"$(inherited)",
				);
				GCC_WARN_64_TO_32_BIT_CONVERSION = YES;
				GCC_WARN_ABOUT_RETURN_TYPE = YES_ERROR;
				GCC_WARN_UNDECLARED_SELECTOR = YES;
				GCC_WARN_UNINITIALIZED_AUTOS = YES_AGGRESSIVE;
				GCC_WARN_UNUSED_FUNCTION = YES;
				GCC_WARN_UNUSED_VARIABLE = YES;
				MACOSX_DEPLOYMENT_TARGET = 11.3;
				MTL_ENABLE_DEBUG_INFO = INCLUDE_SOURCE;
				MTL_FAST_MATH = YES;
				ONLY_ACTIVE_ARCH = YES;
				SDKROOT = macosx;
				SWIFT_ACTIVE_COMPILATION_CONDITIONS = DEBUG;
				SWIFT_OPTIMIZATION_LEVEL = "-Onone";
			};
			name = Debug;
		};
		C2AB2B81271A365700B7235A /* Release */ = {
			isa = XCBuildConfiguration;
			buildSettings = {
				ALWAYS_SEARCH_USER_PATHS = NO;
				CLANG_ANALYZER_NONNULL = YES;
				CLANG_ANALYZER_NUMBER_OBJECT_CONVERSION = YES_AGGRESSIVE;
				CLANG_CXX_LANGUAGE_STANDARD = "gnu++17";
				CLANG_CXX_LIBRARY = "libc++";
				CLANG_ENABLE_MODULES = YES;
				CLANG_ENABLE_OBJC_ARC = YES;
				CLANG_ENABLE_OBJC_WEAK = YES;
				CLANG_WARN_BLOCK_CAPTURE_AUTORELEASING = YES;
				CLANG_WARN_BOOL_CONVERSION = YES;
				CLANG_WARN_COMMA = YES;
				CLANG_WARN_CONSTANT_CONVERSION = YES;
				CLANG_WARN_DEPRECATED_OBJC_IMPLEMENTATIONS = YES;
				CLANG_WARN_DIRECT_OBJC_ISA_USAGE = YES_ERROR;
				CLANG_WARN_DOCUMENTATION_COMMENTS = YES;
				CLANG_WARN_EMPTY_BODY = YES;
				CLANG_WARN_ENUM_CONVERSION = YES;
				CLANG_WARN_INFINITE_RECURSION = YES;
				CLANG_WARN_INT_CONVERSION = YES;
				CLANG_WARN_NON_LITERAL_NULL_CONVERSION = YES;
				CLANG_WARN_OBJC_IMPLICIT_RETAIN_SELF = YES;
				CLANG_WARN_OBJC_LITERAL_CONVERSION = YES;
				CLANG_WARN_OBJC_ROOT_CLASS = YES_ERROR;
				CLANG_WARN_QUOTED_INCLUDE_IN_FRAMEWORK_HEADER = YES;
				CLANG_WARN_RANGE_LOOP_ANALYSIS = YES;
				CLANG_WARN_STRICT_PROTOTYPES = YES;
				CLANG_WARN_SUSPICIOUS_MOVE = YES;
				CLANG_WARN_UNGUARDED_AVAILABILITY = YES_AGGRESSIVE;
				CLANG_WARN_UNREACHABLE_CODE = YES;
				CLANG_WARN__DUPLICATE_METHOD_MATCH = YES;
				COPY_PHASE_STRIP = NO;
				DEBUG_INFORMATION_FORMAT = "dwarf-with-dsym";
				ENABLE_NS_ASSERTIONS = NO;
				ENABLE_STRICT_OBJC_MSGSEND = YES;
				GCC_C_LANGUAGE_STANDARD = gnu11;
				GCC_NO_COMMON_BLOCKS = YES;
				GCC_WARN_64_TO_32_BIT_CONVERSION = YES;
				GCC_WARN_ABOUT_RETURN_TYPE = YES_ERROR;
				GCC_WARN_UNDECLARED_SELECTOR = YES;
				GCC_WARN_UNINITIALIZED_AUTOS = YES_AGGRESSIVE;
				GCC_WARN_UNUSED_FUNCTION = YES;
				GCC_WARN_UNUSED_VARIABLE = YES;
				MACOSX_DEPLOYMENT_TARGET = 11.3;
				MTL_ENABLE_DEBUG_INFO = NO;
				MTL_FAST_MATH = YES;
				SDKROOT = macosx;
				SWIFT_COMPILATION_MODE = wholemodule;
				SWIFT_OPTIMIZATION_LEVEL = "-O";
			};
			name = Release;
		};
		C2AB2B83271A365700B7235A /* Debug */ = {
			isa = XCBuildConfiguration;
			buildSettings = {
				ASSETCATALOG_COMPILER_APPICON_NAME = AppIcon;
				ASSETCATALOG_COMPILER_GLOBAL_ACCENT_COLOR_NAME = AccentColor;
				CODE_SIGN_ENTITLEMENTS = Clock/Clock.entitlements;
				CODE_SIGN_STYLE = Automatic;
				COMBINE_HIDPI_IMAGES = YES;
				CURRENT_PROJECT_VERSION = 1;
				DEVELOPMENT_ASSET_PATHS = "\"Clock/Preview Content\"";
				DEVELOPMENT_TEAM = 4538W4A79B;
				ENABLE_HARDENED_RUNTIME = YES;
				ENABLE_PREVIEWS = YES;
				GENERATE_INFOPLIST_FILE = YES;
				INFOPLIST_KEY_NSHumanReadableCopyright = "";
				LD_RUNPATH_SEARCH_PATHS = (
					"$(inherited)",
					"@executable_path/../Frameworks",
				);
				MACOSX_DEPLOYMENT_TARGET = 11.0;
				MARKETING_VERSION = 1.0;
				PRODUCT_BUNDLE_IDENTIFIER = com.aayushpokharel.opensource.Clock;
				PRODUCT_NAME = "$(TARGET_NAME)";
				SWIFT_EMIT_LOC_STRINGS = YES;
				SWIFT_VERSION = 5.0;
			};
			name = Debug;
		};
		C2AB2B84271A365700B7235A /* Release */ = {
			isa = XCBuildConfiguration;
			buildSettings = {
				ASSETCATALOG_COMPILER_APPICON_NAME = AppIcon;
				ASSETCATALOG_COMPILER_GLOBAL_ACCENT_COLOR_NAME = AccentColor;
				CODE_SIGN_ENTITLEMENTS = Clock/Clock.entitlements;
				CODE_SIGN_STYLE = Automatic;
				COMBINE_HIDPI_IMAGES = YES;
				CURRENT_PROJECT_VERSION = 1;
				DEVELOPMENT_ASSET_PATHS = "\"Clock/Preview Content\"";
				DEVELOPMENT_TEAM = 4538W4A79B;
				ENABLE_HARDENED_RUNTIME = YES;
				ENABLE_PREVIEWS = YES;
				GENERATE_INFOPLIST_FILE = YES;
				INFOPLIST_KEY_NSHumanReadableCopyright = "";
				LD_RUNPATH_SEARCH_PATHS = (
					"$(inherited)",
					"@executable_path/../Frameworks",
				);
				MACOSX_DEPLOYMENT_TARGET = 11.0;
				MARKETING_VERSION = 1.0;
				PRODUCT_BUNDLE_IDENTIFIER = com.aayushpokharel.opensource.Clock;
				PRODUCT_NAME = "$(TARGET_NAME)";
				SWIFT_EMIT_LOC_STRINGS = YES;
				SWIFT_VERSION = 5.0;
			};
			name = Release;
		};
/* End XCBuildConfiguration section */

/* Begin XCConfigurationList section */
		C2AB2B6E271A365600B7235A /* Build configuration list for PBXProject "Clock" */ = {
			isa = XCConfigurationList;
			buildConfigurations = (
				C2AB2B80271A365700B7235A /* Debug */,
				C2AB2B81271A365700B7235A /* Release */,
			);
			defaultConfigurationIsVisible = 0;
			defaultConfigurationName = Release;
		};
		C2AB2B82271A365700B7235A /* Build configuration list for PBXNativeTarget "Clock" */ = {
			isa = XCConfigurationList;
			buildConfigurations = (
				C2AB2B83271A365700B7235A /* Debug */,
				C2AB2B84271A365700B7235A /* Release */,
			);
			defaultConfigurationIsVisible = 0;
			defaultConfigurationName = Release;
		};
/* End XCConfigurationList section */

/* Begin XCRemoteSwiftPackageReference section */
		C2956DDF271B1A870052BDE6 /* XCRemoteSwiftPackageReference "SwiftClockUI" */ = {
			isa = XCRemoteSwiftPackageReference;
			repositoryURL = "https://github.com/renaudjenny/SwiftClockUI.git";
			requirement = {
				branch = main;
				kind = branch;
			};
		};
/* End XCRemoteSwiftPackageReference section */

/* Begin XCSwiftPackageProductDependency section */
		C2956DE0271B1A870052BDE6 /* SwiftClockUI */ = {
			isa = XCSwiftPackageProductDependency;
			package = C2956DDF271B1A870052BDE6 /* XCRemoteSwiftPackageReference "SwiftClockUI" */;
			productName = SwiftClockUI;
		};
/* End XCSwiftPackageProductDependency section */
	};
	rootObject = C2AB2B6B271A365600B7235A /* Project object */;
}
